
Microsoft Visual Studio Solution File, Format Version 12.00
# Visual Studio 15
VisualStudioVersion = 15.0.26430.13
MinimumVisualStudioVersion = 10.0.40219.1
Project("{8BC9CEB8-8B4A-11D0-8D11-00A0C91BC942}") = "water_line", "water_line\water_line.vcxproj", "{17FB3052-2F5D-409C-89F4-2C6284B0C184}"
EndProject
Project("{8BC9CEB8-8B4A-11D0-8D11-00A0C91BC942}") = "test", "test\test.vcxproj", "{62DE23C8-563A-4DA7-A25B-BA1EC64449F3}"
EndProject
Project("{8BC9CEB8-8B4A-11D0-8D11-00A0C91BC942}") = "assist_water", "assist_water\assist_water.vcxproj", "{8B50E1EE-5563-40BE-A809-9E23ADF5C552}"
EndProject
Project("{8BC9CEB8-8B4A-11D0-8D11-00A0C91BC942}") = "openpiv-c++", "openpiv-c--qt\openpiv-c++.vcxproj", "{15DC490E-9F18-3BF0-941B-9BAA75854AC2}"
EndProject
Project("{8BC9CEB8-8B4A-11D0-8D11-00A0C91BC942}") = "ImageControlPointSelect", "ImageControlPointSelect\ImageControlPointSelect.vcxproj", "{6233E3D5-87FC-3B94-96E8-CB5DE1A5A800}"
EndProject
Project("{8BC9CEB8-8B4A-11D0-8D11-00A0C91BC942}") = "assist_water_dll", "assist_water_dll\assist_water_dll.vcxproj", "{0B11D14D-2247-4BD3-93A1-2213358A3F31}"
EndProject
Project("{8BC9CEB8-8B4A-11D0-8D11-00A0C91BC942}") = "format_image", "format_image\format_image.vcxproj", "{A6097283-FFDC-498F-B326-10BCB6CB1217}"
EndProject
Project("{8BC9CEB8-8B4A-11D0-8D11-00A0C91BC942}") = "split_bat", "split_bat\split_bat.vcxproj", "{59AC3295-AB8F-4C95-A79E-9CE46FCCAF0D}"
EndProject
Project("{8BC9CEB8-8B4A-11D0-8D11-00A0C91BC942}") = "gauge_make", "gauge_make\gauge_make.vcxproj", "{B30AD3B0-3905-4A78-828E-2E9398D75ABD}"
EndProject
Project("{8BC9CEB8-8B4A-11D0-8D11-00A0C91BC942}") = "sample_make", "sample_make\sample_make.vcxproj", "{E07FA495-C56A-4DA5-BFF0-5849BDA1B4F5}"
EndProject
Project("{8BC9CEB8-8B4A-11D0-8D11-00A0C91BC942}") = "draw_result", "draw_result\draw_result.vcxproj", "{2663F58E-77CE-4D1E-A279-A9CE0CF0D4BB}"
EndProject
Project("{8BC9CEB8-8B4A-11D0-8D11-00A0C91BC942}") = "get_image", "get_image\get_image.vcxproj", "{91C40D8D-FB47-477A-9B16-72F7F6034C25}"
EndProject
Global
	GlobalSection(SolutionConfigurationPlatforms) = preSolution
		Debug|x64 = Debug|x64
		Debug|x86 = Debug|x86
		Release|x64 = Release|x64
		Release|x86 = Release|x86
	EndGlobalSection
	GlobalSection(ProjectConfigurationPlatforms) = postSolution
		{17FB3052-2F5D-409C-89F4-2C6284B0C184}.Debug|x64.ActiveCfg = Debug|x64
		{17FB3052-2F5D-409C-89F4-2C6284B0C184}.Debug|x64.Build.0 = Debug|x64
		{17FB3052-2F5D-409C-89F4-2C6284B0C184}.Debug|x86.ActiveCfg = Debug|Win32
		{17FB3052-2F5D-409C-89F4-2C6284B0C184}.Debug|x86.Build.0 = Debug|Win32
		{17FB3052-2F5D-409C-89F4-2C6284B0C184}.Release|x64.ActiveCfg = Release|x64
		{17FB3052-2F5D-409C-89F4-2C6284B0C184}.Release|x64.Build.0 = Release|x64
		{17FB3052-2F5D-409C-89F4-2C6284B0C184}.Release|x86.ActiveCfg = Release|Win32
		{17FB3052-2F5D-409C-89F4-2C6284B0C184}.Release|x86.Build.0 = Release|Win32
		{62DE23C8-563A-4DA7-A25B-BA1EC64449F3}.Debug|x64.ActiveCfg = Debug|x64
		{62DE23C8-563A-4DA7-A25B-BA1EC64449F3}.Debug|x64.Build.0 = Debug|x64
		{62DE23C8-563A-4DA7-A25B-BA1EC64449F3}.Debug|x86.ActiveCfg = Debug|Win32
		{62DE23C8-563A-4DA7-A25B-BA1EC64449F3}.Debug|x86.Build.0 = Debug|Win32
		{62DE23C8-563A-4DA7-A25B-BA1EC64449F3}.Release|x64.ActiveCfg = Release|x64
		{62DE23C8-563A-4DA7-A25B-BA1EC64449F3}.Release|x64.Build.0 = Release|x64
		{62DE23C8-563A-4DA7-A25B-BA1EC64449F3}.Release|x86.ActiveCfg = Release|Win32
		{62DE23C8-563A-4DA7-A25B-BA1EC64449F3}.Release|x86.Build.0 = Release|Win32
		{8B50E1EE-5563-40BE-A809-9E23ADF5C552}.Debug|x64.ActiveCfg = Debug|x64
		{8B50E1EE-5563-40BE-A809-9E23ADF5C552}.Debug|x64.Build.0 = Debug|x64
		{8B50E1EE-5563-40BE-A809-9E23ADF5C552}.Debug|x86.ActiveCfg = Debug|Win32
		{8B50E1EE-5563-40BE-A809-9E23ADF5C552}.Debug|x86.Build.0 = Debug|Win32
		{8B50E1EE-5563-40BE-A809-9E23ADF5C552}.Release|x64.ActiveCfg = Release|x64
		{8B50E1EE-5563-40BE-A809-9E23ADF5C552}.Release|x64.Build.0 = Release|x64
		{8B50E1EE-5563-40BE-A809-9E23ADF5C552}.Release|x86.ActiveCfg = Release|Win32
		{8B50E1EE-5563-40BE-A809-9E23ADF5C552}.Release|x86.Build.0 = Release|Win32
		{15DC490E-9F18-3BF0-941B-9BAA75854AC2}.Debug|x64.ActiveCfg = Debug|x64
		{15DC490E-9F18-3BF0-941B-9BAA75854AC2}.Debug|x64.Build.0 = Debug|x64
		{15DC490E-9F18-3BF0-941B-9BAA75854AC2}.Debug|x86.ActiveCfg = Debug|Win32
		{15DC490E-9F18-3BF0-941B-9BAA75854AC2}.Debug|x86.Build.0 = Debug|Win32
		{15DC490E-9F18-3BF0-941B-9BAA75854AC2}.Release|x64.ActiveCfg = Release|x64
		{15DC490E-9F18-3BF0-941B-9BAA75854AC2}.Release|x64.Build.0 = Release|x64
		{15DC490E-9F18-3BF0-941B-9BAA75854AC2}.Release|x86.ActiveCfg = Release|Win32
		{15DC490E-9F18-3BF0-941B-9BAA75854AC2}.Release|x86.Build.0 = Release|Win32
		{6233E3D5-87FC-3B94-96E8-CB5DE1A5A800}.Debug|x64.ActiveCfg = Debug|x64
		{6233E3D5-87FC-3B94-96E8-CB5DE1A5A800}.Debug|x64.Build.0 = Debug|x64
		{6233E3D5-87FC-3B94-96E8-CB5DE1A5A800}.Debug|x86.ActiveCfg = Debug|Win32
		{6233E3D5-87FC-3B94-96E8-CB5DE1A5A800}.Debug|x86.Build.0 = Debug|Win32
		{6233E3D5-87FC-3B94-96E8-CB5DE1A5A800}.Release|x64.ActiveCfg = Release|x64
		{6233E3D5-87FC-3B94-96E8-CB5DE1A5A800}.Release|x64.Build.0 = Release|x64
		{6233E3D5-87FC-3B94-96E8-CB5DE1A5A800}.Release|x86.ActiveCfg = Release|Win32
		{6233E3D5-87FC-3B94-96E8-CB5DE1A5A800}.Release|x86.Build.0 = Release|Win32
		{0B11D14D-2247-4BD3-93A1-2213358A3F31}.Debug|x64.ActiveCfg = Debug|x64
		{0B11D14D-2247-4BD3-93A1-2213358A3F31}.Debug|x64.Build.0 = Debug|x64
		{0B11D14D-2247-4BD3-93A1-2213358A3F31}.Debug|x86.ActiveCfg = Debug|Win32
		{0B11D14D-2247-4BD3-93A1-2213358A3F31}.Debug|x86.Build.0 = Debug|Win32
		{0B11D14D-2247-4BD3-93A1-2213358A3F31}.Release|x64.ActiveCfg = Release|x64
		{0B11D14D-2247-4BD3-93A1-2213358A3F31}.Release|x64.Build.0 = Release|x64
		{0B11D14D-2247-4BD3-93A1-2213358A3F31}.Release|x86.ActiveCfg = Release|Win32
		{0B11D14D-2247-4BD3-93A1-2213358A3F31}.Release|x86.Build.0 = Release|Win32
		{A6097283-FFDC-498F-B326-10BCB6CB1217}.Debug|x64.ActiveCfg = Debug|x64
		{A6097283-FFDC-498F-B326-10BCB6CB1217}.Debug|x64.Build.0 = Debug|x64
		{A6097283-FFDC-498F-B326-10BCB6CB1217}.Debug|x86.ActiveCfg = Debug|Win32
		{A6097283-FFDC-498F-B326-10BCB6CB1217}.Debug|x86.Build.0 = Debug|Win32
		{A6097283-FFDC-498F-B326-10BCB6CB1217}.Release|x64.ActiveCfg = Release|x64
		{A6097283-FFDC-498F-B326-10BCB6CB1217}.Release|x64.Build.0 = Release|x64
		{A6097283-FFDC-498F-B326-10BCB6CB1217}.Release|x86.ActiveCfg = Release|Win32
		{A6097283-FFDC-498F-B326-10BCB6CB1217}.Release|x86.Build.0 = Release|Win32
		{59AC3295-AB8F-4C95-A79E-9CE46FCCAF0D}.Debug|x64.ActiveCfg = Debug|x64
		{59AC3295-AB8F-4C95-A79E-9CE46FCCAF0D}.Debug|x64.Build.0 = Debug|x64
		{59AC3295-AB8F-4C95-A79E-9CE46FCCAF0D}.Debug|x86.ActiveCfg = Debug|Win32
		{59AC3295-AB8F-4C95-A79E-9CE46FCCAF0D}.Debug|x86.Build.0 = Debug|Win32
		{59AC3295-AB8F-4C95-A79E-9CE46FCCAF0D}.Release|x64.ActiveCfg = Release|x64
		{59AC3295-AB8F-4C95-A79E-9CE46FCCAF0D}.Release|x64.Build.0 = Release|x64
		{59AC3295-AB8F-4C95-A79E-9CE46FCCAF0D}.Release|x86.ActiveCfg = Release|Win32
		{59AC3295-AB8F-4C95-A79E-9CE46FCCAF0D}.Release|x86.Build.0 = Release|Win32
		{B30AD3B0-3905-4A78-828E-2E9398D75ABD}.Debug|x64.ActiveCfg = Debug|x64
		{B30AD3B0-3905-4A78-828E-2E9398D75ABD}.Debug|x64.Build.0 = Debug|x64
		{B30AD3B0-3905-4A78-828E-2E9398D75ABD}.Debug|x86.ActiveCfg = Debug|Win32
		{B30AD3B0-3905-4A78-828E-2E9398D75ABD}.Debug|x86.Build.0 = Debug|Win32
		{B30AD3B0-3905-4A78-828E-2E9398D75ABD}.Release|x64.ActiveCfg = Release|x64
		{B30AD3B0-3905-4A78-828E-2E9398D75ABD}.Release|x64.Build.0 = Release|x64
		{B30AD3B0-3905-4A78-828E-2E9398D75ABD}.Release|x86.ActiveCfg = Release|Win32
		{B30AD3B0-3905-4A78-828E-2E9398D75ABD}.Release|x86.Build.0 = Release|Win32
		{E07FA495-C56A-4DA5-BFF0-5849BDA1B4F5}.Debug|x64.ActiveCfg = Debug|x64
		{E07FA495-C56A-4DA5-BFF0-5849BDA1B4F5}.Debug|x64.Build.0 = Debug|x64
		{E07FA495-C56A-4DA5-BFF0-5849BDA1B4F5}.Debug|x86.ActiveCfg = Debug|Win32
		{E07FA495-C56A-4DA5-BFF0-5849BDA1B4F5}.Debug|x86.Build.0 = Debug|Win32
		{E07FA495-C56A-4DA5-BFF0-5849BDA1B4F5}.Release|x64.ActiveCfg = Release|x64
		{E07FA495-C56A-4DA5-BFF0-5849BDA1B4F5}.Release|x64.Build.0 = Release|x64
		{E07FA495-C56A-4DA5-BFF0-5849BDA1B4F5}.Release|x86.ActiveCfg = Release|Win32
		{E07FA495-C56A-4DA5-BFF0-5849BDA1B4F5}.Release|x86.Build.0 = Release|Win32
		{2663F58E-77CE-4D1E-A279-A9CE0CF0D4BB}.Debug|x64.ActiveCfg = Debug|Win32
		{2663F58E-77CE-4D1E-A279-A9CE0CF0D4BB}.Debug|x86.ActiveCfg = Debug|Win32
		{2663F58E-77CE-4D1E-A279-A9CE0CF0D4BB}.Debug|x86.Build.0 = Debug|Win32
		{2663F58E-77CE-4D1E-A279-A9CE0CF0D4BB}.Release|x64.ActiveCfg = Release|Win32
		{2663F58E-77CE-4D1E-A279-A9CE0CF0D4BB}.Release|x86.ActiveCfg = Release|Win32
		{2663F58E-77CE-4D1E-A279-A9CE0CF0D4BB}.Release|x86.Build.0 = Release|Win32
		{91C40D8D-FB47-477A-9B16-72F7F6034C25}.Debug|x64.ActiveCfg = Debug|Win32
		{91C40D8D-FB47-477A-9B16-72F7F6034C25}.Debug|x86.ActiveCfg = Debug|Win32
		{91C40D8D-FB47-477A-9B16-72F7F6034C25}.Debug|x86.Build.0 = Debug|Win32
		{91C40D8D-FB47-477A-9B16-72F7F6034C25}.Release|x64.ActiveCfg = Release|Win32
		{91C40D8D-FB47-477A-9B16-72F7F6034C25}.Release|x86.ActiveCfg = Release|Win32
		{91C40D8D-FB47-477A-9B16-72F7F6034C25}.Release|x86.Build.0 = Release|Win32
	EndGlobalSection
	GlobalSection(SolutionProperties) = preSolution
		HideSolutionNode = FALSE
	EndGlobalSection
	GlobalSection(ExtensibilityGlobals) = postSolution
		SolutionGuid = {74C90D99-B443-43EA-A836-377C5FFEDB4E}
	EndGlobalSection
EndGlobal
